
Microsoft Visual Studio Solution File, Format Version 10.00
# Visual Studio 2008
Project("{8BC9CEB8-8B4A-11D0-8D11-00A0C91BC942}") = "3GPhone", "3GPhone\3GPhone.vcproj", "{6C5330F7-A86B-4E2B-8E65-648DA273DB65}"
	ProjectSection(ProjectDependencies) = postProject
		{1763BE75-C0FF-4D18-9694-36B99435BAB2} = {1763BE75-C0FF-4D18-9694-36B99435BAB2}
		# {3DAB64A3-40AE-4628-BCC8-C1D8BA59BB01} = {3DAB64A3-40AE-4628-BCC8-C1D8BA59BB01}
	EndProjectSection
EndProject
Project("{8BC9CEB8-8B4A-11D0-8D11-00A0C91BC942}") = "SQLite", "SQLite\SQLite.vcproj", "{3DAB64A3-40AE-4628-BCC8-C1D8BA59BB01}"
EndProject
Project("{8BC9CEB8-8B4A-11D0-8D11-00A0C91BC942}") = "TCPMPLib", "TCPMPLib\TCPMPLib.vcproj", "{1763BE75-C0FF-4D18-9694-36B99435BAB2}"
EndProject
Global
	GlobalSection(SolutionConfigurationPlatforms) = preSolution
		Debug|IngenicMedia (MIPSII) = Debug|IngenicMedia (MIPSII)
		Release|IngenicMedia (MIPSII) = Release|IngenicMedia (MIPSII)
	EndGlobalSection
	GlobalSection(ProjectConfigurationPlatforms) = postSolution
		{6C5330F7-A86B-4E2B-8E65-648DA273DB65}.Debug|IngenicMedia (MIPSII).ActiveCfg = Debug|IngenicMedia (MIPSII)
		{6C5330F7-A86B-4E2B-8E65-648DA273DB65}.Debug|IngenicMedia (MIPSII).Build.0 = Debug|IngenicMedia (MIPSII)
		{6C5330F7-A86B-4E2B-8E65-648DA273DB65}.Debug|IngenicMedia (MIPSII).Deploy.0 = Debug|IngenicMedia (MIPSII)
		{6C5330F7-A86B-4E2B-8E65-648DA273DB65}.Release|IngenicMedia (MIPSII).ActiveCfg = Release|IngenicMedia (MIPSII)
		{6C5330F7-A86B-4E2B-8E65-648DA273DB65}.Release|IngenicMedia (MIPSII).Build.0 = Release|IngenicMedia (MIPSII)
		{6C5330F7-A86B-4E2B-8E65-648DA273DB65}.Release|IngenicMedia (MIPSII).Deploy.0 = Release|IngenicMedia (MIPSII)
		{3DAB64A3-40AE-4628-BCC8-C1D8BA59BB01}.Debug|IngenicMedia (MIPSII).ActiveCfg = Debug|IngenicMedia (MIPSII)
		{3DAB64A3-40AE-4628-BCC8-C1D8BA59BB01}.Debug|IngenicMedia (MIPSII).Build.0 = Debug|IngenicMedia (MIPSII)
		{3DAB64A3-40AE-4628-BCC8-C1D8BA59BB01}.Debug|IngenicMedia (MIPSII).Deploy.0 = Debug|IngenicMedia (MIPSII)
		{3DAB64A3-40AE-4628-BCC8-C1D8BA59BB01}.Release|IngenicMedia (MIPSII).ActiveCfg = Release|IngenicMedia (MIPSII)
		{3DAB64A3-40AE-4628-BCC8-C1D8BA59BB01}.Release|IngenicMedia (MIPSII).Build.0 = Release|IngenicMedia (MIPSII)
		{3DAB64A3-40AE-4628-BCC8-C1D8BA59BB01}.Release|IngenicMedia (MIPSII).Deploy.0 = Release|IngenicMedia (MIPSII)
		{1763BE75-C0FF-4D18-9694-36B99435BAB2}.Debug|IngenicMedia (MIPSII).ActiveCfg = Debug|IngenicMedia (MIPSII)
		{1763BE75-C0FF-4D18-9694-36B99435BAB2}.Debug|IngenicMedia (MIPSII).Build.0 = Debug|IngenicMedia (MIPSII)
		{1763BE75-C0FF-4D18-9694-36B99435BAB2}.Debug|IngenicMedia (MIPSII).Deploy.0 = Debug|IngenicMedia (MIPSII)
		{1763BE75-C0FF-4D18-9694-36B99435BAB2}.Release|IngenicMedia (MIPSII).ActiveCfg = Release|IngenicMedia (MIPSII)
		{1763BE75-C0FF-4D18-9694-36B99435BAB2}.Release|IngenicMedia (MIPSII).Build.0 = Release|IngenicMedia (MIPSII)
		{1763BE75-C0FF-4D18-9694-36B99435BAB2}.Release|IngenicMedia (MIPSII).Deploy.0 = Release|IngenicMedia (MIPSII)
	EndGlobalSection
	GlobalSection(SolutionProperties) = preSolution
		HideSolutionNode = FALSE
	EndGlobalSection
EndGlobal
