
Microsoft Visual Studio Solution File, Format Version 10.00
# Visual Studio 2008
Project("{8BC9CEB8-8B4A-11D0-8D11-00A0C91BC942}") = "RecordPhone", "RecordPhone\RecordPhone.vcproj", "{E8855677-9D76-4F2A-84EB-4EECD2C3C856}"
	ProjectSection(ProjectDependencies) = postProject
		{162DE72E-491B-4730-B247-2AA92A768442} = {162DE72E-491B-4730-B247-2AA92A768442}
	EndProjectSection
EndProject
Project("{8BC9CEB8-8B4A-11D0-8D11-00A0C91BC942}") = "SQLite", "SQLite\SQLite.vcproj", "{162DE72E-491B-4730-B247-2AA92A768442}"
EndProject
Global
	GlobalSection(SolutionConfigurationPlatforms) = preSolution
		Debug|IngenicMedia (MIPSII) = Debug|IngenicMedia (MIPSII)
		Release|IngenicMedia (MIPSII) = Release|IngenicMedia (MIPSII)
	EndGlobalSection
	GlobalSection(ProjectConfigurationPlatforms) = postSolution
		{E8855677-9D76-4F2A-84EB-4EECD2C3C856}.Debug|IngenicMedia (MIPSII).ActiveCfg = Debug|IngenicMedia (MIPSII)
		{E8855677-9D76-4F2A-84EB-4EECD2C3C856}.Debug|IngenicMedia (MIPSII).Build.0 = Debug|IngenicMedia (MIPSII)
		{E8855677-9D76-4F2A-84EB-4EECD2C3C856}.Debug|IngenicMedia (MIPSII).Deploy.0 = Debug|IngenicMedia (MIPSII)
		{E8855677-9D76-4F2A-84EB-4EECD2C3C856}.Release|IngenicMedia (MIPSII).ActiveCfg = Release|IngenicMedia (MIPSII)
		{E8855677-9D76-4F2A-84EB-4EECD2C3C856}.Release|IngenicMedia (MIPSII).Build.0 = Release|IngenicMedia (MIPSII)
		{E8855677-9D76-4F2A-84EB-4EECD2C3C856}.Release|IngenicMedia (MIPSII).Deploy.0 = Release|IngenicMedia (MIPSII)
		{162DE72E-491B-4730-B247-2AA92A768442}.Debug|IngenicMedia (MIPSII).ActiveCfg = Debug|IngenicMedia (MIPSII)
		{162DE72E-491B-4730-B247-2AA92A768442}.Debug|IngenicMedia (MIPSII).Build.0 = Debug|IngenicMedia (MIPSII)
		{162DE72E-491B-4730-B247-2AA92A768442}.Debug|IngenicMedia (MIPSII).Deploy.0 = Debug|IngenicMedia (MIPSII)
		{162DE72E-491B-4730-B247-2AA92A768442}.Release|IngenicMedia (MIPSII).ActiveCfg = Release|IngenicMedia (MIPSII)
		{162DE72E-491B-4730-B247-2AA92A768442}.Release|IngenicMedia (MIPSII).Build.0 = Release|IngenicMedia (MIPSII)
		{162DE72E-491B-4730-B247-2AA92A768442}.Release|IngenicMedia (MIPSII).Deploy.0 = Release|IngenicMedia (MIPSII)
	EndGlobalSection
	GlobalSection(SolutionProperties) = preSolution
		HideSolutionNode = FALSE
	EndGlobalSection
EndGlobal
